
Microsoft Visual Studio Solution File, Format Version 12.00
# Visual Studio Version 16
VisualStudioVersion = 16.0.31729.503
MinimumVisualStudioVersion = 10.0.40219.1
Project("{FAE04EC0-301F-11D3-BF4B-00C04F79EFBC}") = "examen_student", "examen_student.csproj", "{E1A0696F-FB02-445F-8F1D-3F66F7292D3A}"
EndProject
Project("{2150E333-8FDC-42A3-9474-1A3956D46DE8}") = "Solution Items", "Solution Items", "{40922354-49AD-4046-87B0-5701894E05C8}"
	ProjectSection(SolutionItems) = preProject
		Instruit.cs = Instruit.cs
		Masterand.cs = Masterand.cs
		PersonClass.cs = PersonClass.cs
		Student.cs = Student.cs
		StudentInterface.cs = StudentInterface.cs
	EndProjectSection
EndProject
Global
	GlobalSection(SolutionConfigurationPlatforms) = preSolution
		Debug|Any CPU = Debug|Any CPU
		Release|Any CPU = Release|Any CPU
	EndGlobalSection
	GlobalSection(ProjectConfigurationPlatforms) = postSolution
		{E1A0696F-FB02-445F-8F1D-3F66F7292D3A}.Debug|Any CPU.ActiveCfg = Debug|Any CPU
		{E1A0696F-FB02-445F-8F1D-3F66F7292D3A}.Debug|Any CPU.Build.0 = Debug|Any CPU
		{E1A0696F-FB02-445F-8F1D-3F66F7292D3A}.Release|Any CPU.ActiveCfg = Release|Any CPU
		{E1A0696F-FB02-445F-8F1D-3F66F7292D3A}.Release|Any CPU.Build.0 = Release|Any CPU
	EndGlobalSection
	GlobalSection(SolutionProperties) = preSolution
		HideSolutionNode = FALSE
	EndGlobalSection
	GlobalSection(ExtensibilityGlobals) = postSolution
		SolutionGuid = {DFA60973-610C-47BF-9FF7-BDD9553D2EB5}
	EndGlobalSection
EndGlobal
